{
  "requires": true,
  "lockfileVersion": 1,
  "dependencies": {
    "onehostname": {
      "version": "0.1.1",
      "resolved": "https://registry.npmjs.org/onehostname/-/onehostname-0.1.1.tgz",
      "integrity": "sha512-8WgpsSRr89MsBx2SLj/KBjHuTqGjBHO0LcTyV5q+dTuf5zXJvO+HDZB7b+/LATx40a1F3mp+JBT2i6eWSVbjYg==",
      "dev": true
    }
  }
}
